
Microsoft Visual Studio Solution File, Format Version 12.00
# Visual Studio Version 17
VisualStudioVersion = 17.9.34728.123
MinimumVisualStudioVersion = 10.0.40219.1
Project("{9A19103F-16F7-4668-BE54-9A1E7A4F7556}") = "ecommerce", "ecommerce.csproj", "{D12B4796-8C79-46FE-801B-15AE6364553F}"
EndProject
Global
	GlobalSection(SolutionConfigurationPlatforms) = preSolution
		Debug|Any CPU = Debug|Any CPU
		Release|Any CPU = Release|Any CPU
	EndGlobalSection
	GlobalSection(ProjectConfigurationPlatforms) = postSolution
		{D12B4796-8C79-46FE-801B-15AE6364553F}.Debug|Any CPU.ActiveCfg = Debug|Any CPU
		{D12B4796-8C79-46FE-801B-15AE6364553F}.Debug|Any CPU.Build.0 = Debug|Any CPU
		{D12B4796-8C79-46FE-801B-15AE6364553F}.Release|Any CPU.ActiveCfg = Release|Any CPU
		{D12B4796-8C79-46FE-801B-15AE6364553F}.Release|Any CPU.Build.0 = Release|Any CPU
	EndGlobalSection
	GlobalSection(SolutionProperties) = preSolution
		HideSolutionNode = FALSE
	EndGlobalSection
	GlobalSection(ExtensibilityGlobals) = postSolution
		SolutionGuid = {CBB0D2DF-F23A-4A2E-BDFB-240350E97C96}
	EndGlobalSection
EndGlobal
